
Microsoft Visual Studio Solution File, Format Version 12.00
# Visual Studio Version 17
VisualStudioVersion = 17.5.002.0
MinimumVisualStudioVersion = 10.0.40219.1
Project("{9A19103F-16F7-4668-BE54-9A1E7A4F7556}") = "AppConHilos2", "AppConHilos2.csproj", "{B8B52865-14AD-4357-901D-EDCBABEF09BA}"
EndProject
Global
	GlobalSection(SolutionConfigurationPlatforms) = preSolution
		Debug|Any CPU = Debug|Any CPU
		Release|Any CPU = Release|Any CPU
	EndGlobalSection
	GlobalSection(ProjectConfigurationPlatforms) = postSolution
		{B8B52865-14AD-4357-901D-EDCBABEF09BA}.Debug|Any CPU.ActiveCfg = Debug|Any CPU
		{B8B52865-14AD-4357-901D-EDCBABEF09BA}.Debug|Any CPU.Build.0 = Debug|Any CPU
		{B8B52865-14AD-4357-901D-EDCBABEF09BA}.Release|Any CPU.ActiveCfg = Release|Any CPU
		{B8B52865-14AD-4357-901D-EDCBABEF09BA}.Release|Any CPU.Build.0 = Release|Any CPU
	EndGlobalSection
	GlobalSection(SolutionProperties) = preSolution
		HideSolutionNode = FALSE
	EndGlobalSection
	GlobalSection(ExtensibilityGlobals) = postSolution
		SolutionGuid = {BEE93493-461E-43FE-9EB8-EE82C255B02F}
	EndGlobalSection
EndGlobal
